
Microsoft Visual Studio Solution File, Format Version 12.00
# Visual Studio 15
VisualStudioVersion = 15.0.26430.14
MinimumVisualStudioVersion = 10.0.40219.1
Project("{FAE04EC0-301F-11D3-BF4B-00C04F79EFBC}") = "ClassLesson_19_07", "ClassLesson_19_07\ClassLesson_19_07.csproj", "{1496B876-7DBE-4A7A-86B2-D238D87DF772}"
EndProject
Global
	GlobalSection(SolutionConfigurationPlatforms) = preSolution
		Debug|Any CPU = Debug|Any CPU
		Release|Any CPU = Release|Any CPU
	EndGlobalSection
	GlobalSection(ProjectConfigurationPlatforms) = postSolution
		{1496B876-7DBE-4A7A-86B2-D238D87DF772}.Debug|Any CPU.ActiveCfg = Debug|Any CPU
		{1496B876-7DBE-4A7A-86B2-D238D87DF772}.Debug|Any CPU.Build.0 = Debug|Any CPU
		{1496B876-7DBE-4A7A-86B2-D238D87DF772}.Release|Any CPU.ActiveCfg = Release|Any CPU
		{1496B876-7DBE-4A7A-86B2-D238D87DF772}.Release|Any CPU.Build.0 = Release|Any CPU
	EndGlobalSection
	GlobalSection(SolutionProperties) = preSolution
		HideSolutionNode = FALSE
	EndGlobalSection
EndGlobal
